
Microsoft Visual Studio Solution File, Format Version 12.00
# Visual Studio Version 16
VisualStudioVersion = 16.0.30114.105
MinimumVisualStudioVersion = 10.0.40219.1
Project("{FAE04EC0-301F-11D3-BF4B-00C04F79EFBC}") = "Conbot", "Conbot\Conbot.csproj", "{7879753B-A088-4584-A628-58C988AB3BB1}"
EndProject
Project("{FAE04EC0-301F-11D3-BF4B-00C04F79EFBC}") = "Conbot.Core", "Conbot.Core\Conbot.Core.csproj", "{9B7DDA04-A0B0-4BCD-AAAD-AD650DDCBE92}"
EndProject
Project("{2150E333-8FDC-42A3-9474-1A3956D46DE8}") = "Plugins", "Plugins", "{CCA62828-7237-4AD3-A863-1DA6003397AD}"
EndProject
Project("{FAE04EC0-301F-11D3-BF4B-00C04F79EFBC}") = "Conbot.HelpPlugin", "Plugins\Conbot.HelpPlugin\Conbot.HelpPlugin.csproj", "{7358DDBD-5B0A-48E8-B310-31CCDDB9F18F}"
EndProject
Project("{FAE04EC0-301F-11D3-BF4B-00C04F79EFBC}") = "Conbot.InfoPlugin", "Plugins\Conbot.InfoPlugin\Conbot.InfoPlugin.csproj", "{05B52133-E908-4D63-A78F-92C0665AA307}"
EndProject
Project("{FAE04EC0-301F-11D3-BF4B-00C04F79EFBC}") = "Conbot.ModerationPlugin", "Plugins\Conbot.ModerationPlugin\Conbot.ModerationPlugin.csproj", "{FAD1686E-80F3-456B-8794-577871E9C014}"
EndProject
Project("{FAE04EC0-301F-11D3-BF4B-00C04F79EFBC}") = "Conbot.PrefixPlugin", "Plugins\Conbot.PrefixPlugin\Conbot.PrefixPlugin.csproj", "{C08712C5-51C2-40C3-A07E-DD140014B0AF}"
EndProject
Project("{FAE04EC0-301F-11D3-BF4B-00C04F79EFBC}") = "Conbot.RankingPlugin", "Plugins\Conbot.RankingPlugin\Conbot.RankingPlugin.csproj", "{E1C83D4E-32FE-44DE-9F63-557DDD5F9885}"
EndProject
Project("{FAE04EC0-301F-11D3-BF4B-00C04F79EFBC}") = "Conbot.ReminderPlugin", "Plugins\Conbot.ReminderPlugin\Conbot.ReminderPlugin.csproj", "{D28F53CF-2AB2-4DDA-B287-D302417D80E8}"
EndProject
Project("{FAE04EC0-301F-11D3-BF4B-00C04F79EFBC}") = "Conbot.RngPlugin", "Plugins\Conbot.RngPlugin\Conbot.RngPlugin.csproj", "{C4070FB9-CF88-4050-9E7D-C57EF4E63BE2}"
EndProject
Project("{FAE04EC0-301F-11D3-BF4B-00C04F79EFBC}") = "Conbot.SplatoonPlugin", "Plugins\Conbot.SplatoonPlugin\Conbot.SplatoonPlugin.csproj", "{02E8A016-9181-4A83-8021-E68654AAA55F}"
EndProject
Project("{FAE04EC0-301F-11D3-BF4B-00C04F79EFBC}") = "Conbot.TagPlugin", "Plugins\Conbot.TagPlugin\Conbot.TagPlugin.csproj", "{5E7C732F-3FAB-4258-B72D-9950EF0E578A}"
EndProject
Project("{FAE04EC0-301F-11D3-BF4B-00C04F79EFBC}") = "Conbot.TimeZonePlugin", "Plugins\Conbot.TimeZonePlugin\Conbot.TimeZonePlugin.csproj", "{705F4085-8079-4800-BBAB-A9AED96FE613}"
EndProject
Project("{FAE04EC0-301F-11D3-BF4B-00C04F79EFBC}") = "Conbot.UrbanPlugin", "Plugins\Conbot.UrbanPlugin\Conbot.UrbanPlugin.csproj", "{25479C7F-CAA6-4765-BDB7-694168C1BA01}"
EndProject
Global
	GlobalSection(SolutionConfigurationPlatforms) = preSolution
		Debug|Any CPU = Debug|Any CPU
		Debug|x64 = Debug|x64
		Debug|x86 = Debug|x86
		Release|Any CPU = Release|Any CPU
		Release|x64 = Release|x64
		Release|x86 = Release|x86
	EndGlobalSection
	GlobalSection(SolutionProperties) = preSolution
		HideSolutionNode = FALSE
	EndGlobalSection
	GlobalSection(ProjectConfigurationPlatforms) = postSolution
		{7879753B-A088-4584-A628-58C988AB3BB1}.Debug|Any CPU.ActiveCfg = Debug|Any CPU
		{7879753B-A088-4584-A628-58C988AB3BB1}.Debug|Any CPU.Build.0 = Debug|Any CPU
		{7879753B-A088-4584-A628-58C988AB3BB1}.Debug|x64.ActiveCfg = Debug|Any CPU
		{7879753B-A088-4584-A628-58C988AB3BB1}.Debug|x64.Build.0 = Debug|Any CPU
		{7879753B-A088-4584-A628-58C988AB3BB1}.Debug|x86.ActiveCfg = Debug|Any CPU
		{7879753B-A088-4584-A628-58C988AB3BB1}.Debug|x86.Build.0 = Debug|Any CPU
		{7879753B-A088-4584-A628-58C988AB3BB1}.Release|Any CPU.ActiveCfg = Release|Any CPU
		{7879753B-A088-4584-A628-58C988AB3BB1}.Release|Any CPU.Build.0 = Release|Any CPU
		{7879753B-A088-4584-A628-58C988AB3BB1}.Release|x64.ActiveCfg = Release|Any CPU
		{7879753B-A088-4584-A628-58C988AB3BB1}.Release|x64.Build.0 = Release|Any CPU
		{7879753B-A088-4584-A628-58C988AB3BB1}.Release|x86.ActiveCfg = Release|Any CPU
		{7879753B-A088-4584-A628-58C988AB3BB1}.Release|x86.Build.0 = Release|Any CPU
		{9B7DDA04-A0B0-4BCD-AAAD-AD650DDCBE92}.Debug|Any CPU.ActiveCfg = Debug|Any CPU
		{9B7DDA04-A0B0-4BCD-AAAD-AD650DDCBE92}.Debug|Any CPU.Build.0 = Debug|Any CPU
		{9B7DDA04-A0B0-4BCD-AAAD-AD650DDCBE92}.Debug|x64.ActiveCfg = Debug|Any CPU
		{9B7DDA04-A0B0-4BCD-AAAD-AD650DDCBE92}.Debug|x64.Build.0 = Debug|Any CPU
		{9B7DDA04-A0B0-4BCD-AAAD-AD650DDCBE92}.Debug|x86.ActiveCfg = Debug|Any CPU
		{9B7DDA04-A0B0-4BCD-AAAD-AD650DDCBE92}.Debug|x86.Build.0 = Debug|Any CPU
		{9B7DDA04-A0B0-4BCD-AAAD-AD650DDCBE92}.Release|Any CPU.ActiveCfg = Release|Any CPU
		{9B7DDA04-A0B0-4BCD-AAAD-AD650DDCBE92}.Release|Any CPU.Build.0 = Release|Any CPU
		{9B7DDA04-A0B0-4BCD-AAAD-AD650DDCBE92}.Release|x64.ActiveCfg = Release|Any CPU
		{9B7DDA04-A0B0-4BCD-AAAD-AD650DDCBE92}.Release|x64.Build.0 = Release|Any CPU
		{9B7DDA04-A0B0-4BCD-AAAD-AD650DDCBE92}.Release|x86.ActiveCfg = Release|Any CPU
		{9B7DDA04-A0B0-4BCD-AAAD-AD650DDCBE92}.Release|x86.Build.0 = Release|Any CPU
		{7358DDBD-5B0A-48E8-B310-31CCDDB9F18F}.Debug|Any CPU.ActiveCfg = Debug|Any CPU
		{7358DDBD-5B0A-48E8-B310-31CCDDB9F18F}.Debug|Any CPU.Build.0 = Debug|Any CPU
		{7358DDBD-5B0A-48E8-B310-31CCDDB9F18F}.Debug|x64.ActiveCfg = Debug|Any CPU
		{7358DDBD-5B0A-48E8-B310-31CCDDB9F18F}.Debug|x64.Build.0 = Debug|Any CPU
		{7358DDBD-5B0A-48E8-B310-31CCDDB9F18F}.Debug|x86.ActiveCfg = Debug|Any CPU
		{7358DDBD-5B0A-48E8-B310-31CCDDB9F18F}.Debug|x86.Build.0 = Debug|Any CPU
		{7358DDBD-5B0A-48E8-B310-31CCDDB9F18F}.Release|Any CPU.ActiveCfg = Release|Any CPU
		{7358DDBD-5B0A-48E8-B310-31CCDDB9F18F}.Release|Any CPU.Build.0 = Release|Any CPU
		{7358DDBD-5B0A-48E8-B310-31CCDDB9F18F}.Release|x64.ActiveCfg = Release|Any CPU
		{7358DDBD-5B0A-48E8-B310-31CCDDB9F18F}.Release|x64.Build.0 = Release|Any CPU
		{7358DDBD-5B0A-48E8-B310-31CCDDB9F18F}.Release|x86.ActiveCfg = Release|Any CPU
		{7358DDBD-5B0A-48E8-B310-31CCDDB9F18F}.Release|x86.Build.0 = Release|Any CPU
		{05B52133-E908-4D63-A78F-92C0665AA307}.Debug|Any CPU.ActiveCfg = Debug|Any CPU
		{05B52133-E908-4D63-A78F-92C0665AA307}.Debug|Any CPU.Build.0 = Debug|Any CPU
		{05B52133-E908-4D63-A78F-92C0665AA307}.Debug|x64.ActiveCfg = Debug|Any CPU
		{05B52133-E908-4D63-A78F-92C0665AA307}.Debug|x64.Build.0 = Debug|Any CPU
		{05B52133-E908-4D63-A78F-92C0665AA307}.Debug|x86.ActiveCfg = Debug|Any CPU
		{05B52133-E908-4D63-A78F-92C0665AA307}.Debug|x86.Build.0 = Debug|Any CPU
		{05B52133-E908-4D63-A78F-92C0665AA307}.Release|Any CPU.ActiveCfg = Release|Any CPU
		{05B52133-E908-4D63-A78F-92C0665AA307}.Release|Any CPU.Build.0 = Release|Any CPU
		{05B52133-E908-4D63-A78F-92C0665AA307}.Release|x64.ActiveCfg = Release|Any CPU
		{05B52133-E908-4D63-A78F-92C0665AA307}.Release|x64.Build.0 = Release|Any CPU
		{05B52133-E908-4D63-A78F-92C0665AA307}.Release|x86.ActiveCfg = Release|Any CPU
		{05B52133-E908-4D63-A78F-92C0665AA307}.Release|x86.Build.0 = Release|Any CPU
		{FAD1686E-80F3-456B-8794-577871E9C014}.Debug|Any CPU.ActiveCfg = Debug|Any CPU
		{FAD1686E-80F3-456B-8794-577871E9C014}.Debug|Any CPU.Build.0 = Debug|Any CPU
		{FAD1686E-80F3-456B-8794-577871E9C014}.Debug|x64.ActiveCfg = Debug|Any CPU
		{FAD1686E-80F3-456B-8794-577871E9C014}.Debug|x64.Build.0 = Debug|Any CPU
		{FAD1686E-80F3-456B-8794-577871E9C014}.Debug|x86.ActiveCfg = Debug|Any CPU
		{FAD1686E-80F3-456B-8794-577871E9C014}.Debug|x86.Build.0 = Debug|Any CPU
		{FAD1686E-80F3-456B-8794-577871E9C014}.Release|Any CPU.ActiveCfg = Release|Any CPU
		{FAD1686E-80F3-456B-8794-577871E9C014}.Release|Any CPU.Build.0 = Release|Any CPU
		{FAD1686E-80F3-456B-8794-577871E9C014}.Release|x64.ActiveCfg = Release|Any CPU
		{FAD1686E-80F3-456B-8794-577871E9C014}.Release|x64.Build.0 = Release|Any CPU
		{FAD1686E-80F3-456B-8794-577871E9C014}.Release|x86.ActiveCfg = Release|Any CPU
		{FAD1686E-80F3-456B-8794-577871E9C014}.Release|x86.Build.0 = Release|Any CPU
		{C08712C5-51C2-40C3-A07E-DD140014B0AF}.Debug|Any CPU.ActiveCfg = Debug|Any CPU
		{C08712C5-51C2-40C3-A07E-DD140014B0AF}.Debug|Any CPU.Build.0 = Debug|Any CPU
		{C08712C5-51C2-40C3-A07E-DD140014B0AF}.Debug|x64.ActiveCfg = Debug|Any CPU
		{C08712C5-51C2-40C3-A07E-DD140014B0AF}.Debug|x64.Build.0 = Debug|Any CPU
		{C08712C5-51C2-40C3-A07E-DD140014B0AF}.Debug|x86.ActiveCfg = Debug|Any CPU
		{C08712C5-51C2-40C3-A07E-DD140014B0AF}.Debug|x86.Build.0 = Debug|Any CPU
		{C08712C5-51C2-40C3-A07E-DD140014B0AF}.Release|Any CPU.ActiveCfg = Release|Any CPU
		{C08712C5-51C2-40C3-A07E-DD140014B0AF}.Release|Any CPU.Build.0 = Release|Any CPU
		{C08712C5-51C2-40C3-A07E-DD140014B0AF}.Release|x64.ActiveCfg = Release|Any CPU
		{C08712C5-51C2-40C3-A07E-DD140014B0AF}.Release|x64.Build.0 = Release|Any CPU
		{C08712C5-51C2-40C3-A07E-DD140014B0AF}.Release|x86.ActiveCfg = Release|Any CPU
		{C08712C5-51C2-40C3-A07E-DD140014B0AF}.Release|x86.Build.0 = Release|Any CPU
		{E1C83D4E-32FE-44DE-9F63-557DDD5F9885}.Debug|Any CPU.ActiveCfg = Debug|Any CPU
		{E1C83D4E-32FE-44DE-9F63-557DDD5F9885}.Debug|Any CPU.Build.0 = Debug|Any CPU
		{E1C83D4E-32FE-44DE-9F63-557DDD5F9885}.Debug|x64.ActiveCfg = Debug|Any CPU
		{E1C83D4E-32FE-44DE-9F63-557DDD5F9885}.Debug|x64.Build.0 = Debug|Any CPU
		{E1C83D4E-32FE-44DE-9F63-557DDD5F9885}.Debug|x86.ActiveCfg = Debug|Any CPU
		{E1C83D4E-32FE-44DE-9F63-557DDD5F9885}.Debug|x86.Build.0 = Debug|Any CPU
		{E1C83D4E-32FE-44DE-9F63-557DDD5F9885}.Release|Any CPU.ActiveCfg = Release|Any CPU
		{E1C83D4E-32FE-44DE-9F63-557DDD5F9885}.Release|Any CPU.Build.0 = Release|Any CPU
		{E1C83D4E-32FE-44DE-9F63-557DDD5F9885}.Release|x64.ActiveCfg = Release|Any CPU
		{E1C83D4E-32FE-44DE-9F63-557DDD5F9885}.Release|x64.Build.0 = Release|Any CPU
		{E1C83D4E-32FE-44DE-9F63-557DDD5F9885}.Release|x86.ActiveCfg = Release|Any CPU
		{E1C83D4E-32FE-44DE-9F63-557DDD5F9885}.Release|x86.Build.0 = Release|Any CPU
		{D28F53CF-2AB2-4DDA-B287-D302417D80E8}.Debug|Any CPU.ActiveCfg = Debug|Any CPU
		{D28F53CF-2AB2-4DDA-B287-D302417D80E8}.Debug|Any CPU.Build.0 = Debug|Any CPU
		{D28F53CF-2AB2-4DDA-B287-D302417D80E8}.Debug|x64.ActiveCfg = Debug|Any CPU
		{D28F53CF-2AB2-4DDA-B287-D302417D80E8}.Debug|x64.Build.0 = Debug|Any CPU
		{D28F53CF-2AB2-4DDA-B287-D302417D80E8}.Debug|x86.ActiveCfg = Debug|Any CPU
		{D28F53CF-2AB2-4DDA-B287-D302417D80E8}.Debug|x86.Build.0 = Debug|Any CPU
		{D28F53CF-2AB2-4DDA-B287-D302417D80E8}.Release|Any CPU.ActiveCfg = Release|Any CPU
		{D28F53CF-2AB2-4DDA-B287-D302417D80E8}.Release|Any CPU.Build.0 = Release|Any CPU
		{D28F53CF-2AB2-4DDA-B287-D302417D80E8}.Release|x64.ActiveCfg = Release|Any CPU
		{D28F53CF-2AB2-4DDA-B287-D302417D80E8}.Release|x64.Build.0 = Release|Any CPU
		{D28F53CF-2AB2-4DDA-B287-D302417D80E8}.Release|x86.ActiveCfg = Release|Any CPU
		{D28F53CF-2AB2-4DDA-B287-D302417D80E8}.Release|x86.Build.0 = Release|Any CPU
		{C4070FB9-CF88-4050-9E7D-C57EF4E63BE2}.Debug|Any CPU.ActiveCfg = Debug|Any CPU
		{C4070FB9-CF88-4050-9E7D-C57EF4E63BE2}.Debug|Any CPU.Build.0 = Debug|Any CPU
		{C4070FB9-CF88-4050-9E7D-C57EF4E63BE2}.Debug|x64.ActiveCfg = Debug|Any CPU
		{C4070FB9-CF88-4050-9E7D-C57EF4E63BE2}.Debug|x64.Build.0 = Debug|Any CPU
		{C4070FB9-CF88-4050-9E7D-C57EF4E63BE2}.Debug|x86.ActiveCfg = Debug|Any CPU
		{C4070FB9-CF88-4050-9E7D-C57EF4E63BE2}.Debug|x86.Build.0 = Debug|Any CPU
		{C4070FB9-CF88-4050-9E7D-C57EF4E63BE2}.Release|Any CPU.ActiveCfg = Release|Any CPU
		{C4070FB9-CF88-4050-9E7D-C57EF4E63BE2}.Release|Any CPU.Build.0 = Release|Any CPU
		{C4070FB9-CF88-4050-9E7D-C57EF4E63BE2}.Release|x64.ActiveCfg = Release|Any CPU
		{C4070FB9-CF88-4050-9E7D-C57EF4E63BE2}.Release|x64.Build.0 = Release|Any CPU
		{C4070FB9-CF88-4050-9E7D-C57EF4E63BE2}.Release|x86.ActiveCfg = Release|Any CPU
		{C4070FB9-CF88-4050-9E7D-C57EF4E63BE2}.Release|x86.Build.0 = Release|Any CPU
		{02E8A016-9181-4A83-8021-E68654AAA55F}.Debug|Any CPU.ActiveCfg = Debug|Any CPU
		{02E8A016-9181-4A83-8021-E68654AAA55F}.Debug|Any CPU.Build.0 = Debug|Any CPU
		{02E8A016-9181-4A83-8021-E68654AAA55F}.Debug|x64.ActiveCfg = Debug|Any CPU
		{02E8A016-9181-4A83-8021-E68654AAA55F}.Debug|x64.Build.0 = Debug|Any CPU
		{02E8A016-9181-4A83-8021-E68654AAA55F}.Debug|x86.ActiveCfg = Debug|Any CPU
		{02E8A016-9181-4A83-8021-E68654AAA55F}.Debug|x86.Build.0 = Debug|Any CPU
		{02E8A016-9181-4A83-8021-E68654AAA55F}.Release|Any CPU.ActiveCfg = Release|Any CPU
		{02E8A016-9181-4A83-8021-E68654AAA55F}.Release|Any CPU.Build.0 = Release|Any CPU
		{02E8A016-9181-4A83-8021-E68654AAA55F}.Release|x64.ActiveCfg = Release|Any CPU
		{02E8A016-9181-4A83-8021-E68654AAA55F}.Release|x64.Build.0 = Release|Any CPU
		{02E8A016-9181-4A83-8021-E68654AAA55F}.Release|x86.ActiveCfg = Release|Any CPU
		{02E8A016-9181-4A83-8021-E68654AAA55F}.Release|x86.Build.0 = Release|Any CPU
		{5E7C732F-3FAB-4258-B72D-9950EF0E578A}.Debug|Any CPU.ActiveCfg = Debug|Any CPU
		{5E7C732F-3FAB-4258-B72D-9950EF0E578A}.Debug|Any CPU.Build.0 = Debug|Any CPU
		{5E7C732F-3FAB-4258-B72D-9950EF0E578A}.Debug|x64.ActiveCfg = Debug|Any CPU
		{5E7C732F-3FAB-4258-B72D-9950EF0E578A}.Debug|x64.Build.0 = Debug|Any CPU
		{5E7C732F-3FAB-4258-B72D-9950EF0E578A}.Debug|x86.ActiveCfg = Debug|Any CPU
		{5E7C732F-3FAB-4258-B72D-9950EF0E578A}.Debug|x86.Build.0 = Debug|Any CPU
		{5E7C732F-3FAB-4258-B72D-9950EF0E578A}.Release|Any CPU.ActiveCfg = Release|Any CPU
		{5E7C732F-3FAB-4258-B72D-9950EF0E578A}.Release|Any CPU.Build.0 = Release|Any CPU
		{5E7C732F-3FAB-4258-B72D-9950EF0E578A}.Release|x64.ActiveCfg = Release|Any CPU
		{5E7C732F-3FAB-4258-B72D-9950EF0E578A}.Release|x64.Build.0 = Release|Any CPU
		{5E7C732F-3FAB-4258-B72D-9950EF0E578A}.Release|x86.ActiveCfg = Release|Any CPU
		{5E7C732F-3FAB-4258-B72D-9950EF0E578A}.Release|x86.Build.0 = Release|Any CPU
		{705F4085-8079-4800-BBAB-A9AED96FE613}.Debug|Any CPU.ActiveCfg = Debug|Any CPU
		{705F4085-8079-4800-BBAB-A9AED96FE613}.Debug|Any CPU.Build.0 = Debug|Any CPU
		{705F4085-8079-4800-BBAB-A9AED96FE613}.Debug|x64.ActiveCfg = Debug|Any CPU
		{705F4085-8079-4800-BBAB-A9AED96FE613}.Debug|x64.Build.0 = Debug|Any CPU
		{705F4085-8079-4800-BBAB-A9AED96FE613}.Debug|x86.ActiveCfg = Debug|Any CPU
		{705F4085-8079-4800-BBAB-A9AED96FE613}.Debug|x86.Build.0 = Debug|Any CPU
		{705F4085-8079-4800-BBAB-A9AED96FE613}.Release|Any CPU.ActiveCfg = Release|Any CPU
		{705F4085-8079-4800-BBAB-A9AED96FE613}.Release|Any CPU.Build.0 = Release|Any CPU
		{705F4085-8079-4800-BBAB-A9AED96FE613}.Release|x64.ActiveCfg = Release|Any CPU
		{705F4085-8079-4800-BBAB-A9AED96FE613}.Release|x64.Build.0 = Release|Any CPU
		{705F4085-8079-4800-BBAB-A9AED96FE613}.Release|x86.ActiveCfg = Release|Any CPU
		{705F4085-8079-4800-BBAB-A9AED96FE613}.Release|x86.Build.0 = Release|Any CPU
		{25479C7F-CAA6-4765-BDB7-694168C1BA01}.Debug|Any CPU.ActiveCfg = Debug|Any CPU
		{25479C7F-CAA6-4765-BDB7-694168C1BA01}.Debug|Any CPU.Build.0 = Debug|Any CPU
		{25479C7F-CAA6-4765-BDB7-694168C1BA01}.Debug|x64.ActiveCfg = Debug|Any CPU
		{25479C7F-CAA6-4765-BDB7-694168C1BA01}.Debug|x64.Build.0 = Debug|Any CPU
		{25479C7F-CAA6-4765-BDB7-694168C1BA01}.Debug|x86.ActiveCfg = Debug|Any CPU
		{25479C7F-CAA6-4765-BDB7-694168C1BA01}.Debug|x86.Build.0 = Debug|Any CPU
		{25479C7F-CAA6-4765-BDB7-694168C1BA01}.Release|Any CPU.ActiveCfg = Release|Any CPU
		{25479C7F-CAA6-4765-BDB7-694168C1BA01}.Release|Any CPU.Build.0 = Release|Any CPU
		{25479C7F-CAA6-4765-BDB7-694168C1BA01}.Release|x64.ActiveCfg = Release|Any CPU
		{25479C7F-CAA6-4765-BDB7-694168C1BA01}.Release|x64.Build.0 = Release|Any CPU
		{25479C7F-CAA6-4765-BDB7-694168C1BA01}.Release|x86.ActiveCfg = Release|Any CPU
		{25479C7F-CAA6-4765-BDB7-694168C1BA01}.Release|x86.Build.0 = Release|Any CPU
	EndGlobalSection
	GlobalSection(NestedProjects) = preSolution
		{7358DDBD-5B0A-48E8-B310-31CCDDB9F18F} = {CCA62828-7237-4AD3-A863-1DA6003397AD}
		{05B52133-E908-4D63-A78F-92C0665AA307} = {CCA62828-7237-4AD3-A863-1DA6003397AD}
		{FAD1686E-80F3-456B-8794-577871E9C014} = {CCA62828-7237-4AD3-A863-1DA6003397AD}
		{C08712C5-51C2-40C3-A07E-DD140014B0AF} = {CCA62828-7237-4AD3-A863-1DA6003397AD}
		{E1C83D4E-32FE-44DE-9F63-557DDD5F9885} = {CCA62828-7237-4AD3-A863-1DA6003397AD}
		{D28F53CF-2AB2-4DDA-B287-D302417D80E8} = {CCA62828-7237-4AD3-A863-1DA6003397AD}
		{C4070FB9-CF88-4050-9E7D-C57EF4E63BE2} = {CCA62828-7237-4AD3-A863-1DA6003397AD}
		{02E8A016-9181-4A83-8021-E68654AAA55F} = {CCA62828-7237-4AD3-A863-1DA6003397AD}
		{5E7C732F-3FAB-4258-B72D-9950EF0E578A} = {CCA62828-7237-4AD3-A863-1DA6003397AD}
		{705F4085-8079-4800-BBAB-A9AED96FE613} = {CCA62828-7237-4AD3-A863-1DA6003397AD}
		{25479C7F-CAA6-4765-BDB7-694168C1BA01} = {CCA62828-7237-4AD3-A863-1DA6003397AD}
	EndGlobalSection
EndGlobal
